Microsoft Visual Studio Solution File, Format Version 12.00
# Visual Studio Version 17
VisualStudioVersion = 17.5.2.0
MinimumVisualStudioVersion = 10.0.40219.1
Project("{FAE04EC0-301F-11D3-BF4B-00C04F79EFBC}") = "GeradorSenha", "GeradorSenha\GeradorSenha.csproj", "{F1DACE13-63AD-ADA5-D6A8-6D5A179C1DC3}"
EndProject
Global
	GlobalSection(SolutionConfigurationPlatforms) = preSolution
		Debug|Any CPU = Debug|Any CPU
		Release|Any CPU = Release|Any CPU
	EndGlobalSection
	GlobalSection(ProjectConfigurationPlatforms) = postSolution
		{F1DACE13-63AD-ADA5-D6A8-6D5A179C1DC3}.Debug|Any CPU.ActiveCfg = Debug|Any CPU
		{F1DACE13-63AD-ADA5-D6A8-6D5A179C1DC3}.Debug|Any CPU.Build.0 = Debug|Any CPU
		{F1DACE13-63AD-ADA5-D6A8-6D5A179C1DC3}.Release|Any CPU.ActiveCfg = Release|Any CPU
		{F1DACE13-63AD-ADA5-D6A8-6D5A179C1DC3}.Release|Any CPU.Build.0 = Release|Any CPU
	EndGlobalSection
	GlobalSection(SolutionProperties) = preSolution
		HideSolutionNode = FALSE
	EndGlobalSection
	GlobalSection(ExtensibilityGlobals) = postSolution
		SolutionGuid = {7CFFFBCA-50E3-4A46-9EAD-B348EE7561A1}
	EndGlobalSection
EndGlobal
